
Microsoft Visual Studio Solution File, Format Version 12.00
# Visual Studio 15
VisualStudioVersion = 15.0.27428.2005
MinimumVisualStudioVersion = 10.0.40219.1
Project("{FAE04EC0-301F-11D3-BF4B-00C04F79EFBC}") = "WebWatcher", "WebWatcher\WebWatcher.csproj", "{C37C16FB-4A7B-4F20-8449-B89B5D69FAA6}"
EndProject
Global
	GlobalSection(SolutionConfigurationPlatforms) = preSolution
		Debug|Any CPU = Debug|Any CPU
		Release|Any CPU = Release|Any CPU
	EndGlobalSection
	GlobalSection(ProjectConfigurationPlatforms) = postSolution
		{C37C16FB-4A7B-4F20-8449-B89B5D69FAA6}.Debug|Any CPU.ActiveCfg = Debug|Any CPU
		{C37C16FB-4A7B-4F20-8449-B89B5D69FAA6}.Debug|Any CPU.Build.0 = Debug|Any CPU
		{C37C16FB-4A7B-4F20-8449-B89B5D69FAA6}.Release|Any CPU.ActiveCfg = Release|Any CPU
		{C37C16FB-4A7B-4F20-8449-B89B5D69FAA6}.Release|Any CPU.Build.0 = Release|Any CPU
	EndGlobalSection
	GlobalSection(SolutionProperties) = preSolution
		HideSolutionNode = FALSE
	EndGlobalSection
	GlobalSection(ExtensibilityGlobals) = postSolution
		SolutionGuid = {F1E0E429-216D-4F6F-9DC0-BEF87E66BD44}
	EndGlobalSection
EndGlobal
